
Microsoft Visual Studio Solution File, Format Version 12.00
# Visual Studio Version 16
VisualStudioVersion = 16.0.31321.278
MinimumVisualStudioVersion = 10.0.40219.1
Project("{8BC9CEB8-8B4A-11D0-8D11-00A0C91BC942}") = "rpg-char-creation", "rpg-char-creation\rpg-char-creation.vcxproj", "{CF9F0010-4957-4AC7-B3B4-A3C3398F7B01}"
EndProject
Global
	GlobalSection(SolutionConfigurationPlatforms) = preSolution
		Debug|x64 = Debug|x64
		Debug|x86 = Debug|x86
		Release|x64 = Release|x64
		Release|x86 = Release|x86
	EndGlobalSection
	GlobalSection(ProjectConfigurationPlatforms) = postSolution
		{CF9F0010-4957-4AC7-B3B4-A3C3398F7B01}.Debug|x64.ActiveCfg = Debug|x64
		{CF9F0010-4957-4AC7-B3B4-A3C3398F7B01}.Debug|x64.Build.0 = Debug|x64
		{CF9F0010-4957-4AC7-B3B4-A3C3398F7B01}.Debug|x86.ActiveCfg = Debug|Win32
		{CF9F0010-4957-4AC7-B3B4-A3C3398F7B01}.Debug|x86.Build.0 = Debug|Win32
		{CF9F0010-4957-4AC7-B3B4-A3C3398F7B01}.Release|x64.ActiveCfg = Release|x64
		{CF9F0010-4957-4AC7-B3B4-A3C3398F7B01}.Release|x64.Build.0 = Release|x64
		{CF9F0010-4957-4AC7-B3B4-A3C3398F7B01}.Release|x86.ActiveCfg = Release|Win32
		{CF9F0010-4957-4AC7-B3B4-A3C3398F7B01}.Release|x86.Build.0 = Release|Win32
	EndGlobalSection
	GlobalSection(SolutionProperties) = preSolution
		HideSolutionNode = FALSE
	EndGlobalSection
	GlobalSection(ExtensibilityGlobals) = postSolution
		SolutionGuid = {FAF2E4D7-1A65-4241-8957-5A31AF21A963}
	EndGlobalSection
EndGlobal
